{
    "_readme": [
        "This file locks the dependencies of your project to a known state",
        "Read more about it at https://getcomposer.org/doc/01-basic-usage.md#composer-lock-the-lock-file",
        "This file is @generated automatically"
    ],
    "hash": "c94c788399828203624360accfc96301",
    "content-hash": "1e5524e1f3dbb8a13db9dfae1d153a0e",
    "packages": [
        {
            "name": "sledgehammer/core",
            "version": "16.05.0",
            "source": {
                "type": "git",
                "url": "https://github.com/sledgehammer/core.git",
                "reference": "c3dc0dc4e26497d018e382307abea5df315bed36"
            },
            "dist": {
                "type": "zip",
                "url": "https://api.github.com/repos/sledgehammer/core/zipball/c3dc0dc4e26497d018e382307abea5df315bed36",
                "reference": "c3dc0dc4e26497d018e382307abea5df315bed36",
                "shasum": ""
            },
            "require": {
                "php": ">=5.5"
            },
            "type": "library",
            "autoload": {
                "psr-4": {
                    "Sledgehammer\\Core\\": "src/",
                    "SledgehammerTests\\Core\\": "tests/"
                },
                "files": [
                    "src/bootstrap.php"
                ]
            },
            "notification-url": "https://packagist.org/downloads/",
            "license": [
                "MIT"
            ],
            "description": "Sledgehammer - A general purpose PHP toolkit",
            "homepage": "http://sledgehammer.github.com/",
            "keywords": [
                "core",
                "sledgehammer",
                "toolkit"
            ],
            "time": "2016-04-19 14:25:07"
        },
        {
            "name": "sledgehammer/graphics",
            "version": "16.05.0",
            "source": {
                "type": "git",
                "url": "https://github.com/sledgehammer/graphics.git",
                "reference": "8151242e83fb8eb3b936b8a2a892a3a3cde2d63e"
            },
            "dist": {
                "type": "zip",
                "url": "https://api.github.com/repos/sledgehammer/graphics/zipball/8151242e83fb8eb3b936b8a2a892a3a3cde2d63e",
                "reference": "8151242e83fb8eb3b936b8a2a892a3a3cde2d63e",
                "shasum": ""
            },
            "require": {
                "ext-gd": "*",
                "sledgehammer/core": "*"
            },
            "type": "library",
            "autoload": {
                "psr-4": {
                    "Sledgehammer\\Graphics\\": "src/",
                    "SledgehammerTests\\Graphics\\": "tests/"
                },
                "files": [
                    "src/functions.php"
                ]
            },
            "notification-url": "https://packagist.org/downloads/",
            "license": [
                "MIT"
            ],
            "description": "Sledgehammer Graphics module: Image and Video processing",
            "time": "2016-05-02 10:26:09"
        },
        {
            "name": "sledgehammer/mvc",
            "version": "16.05.0",
            "source": {
                "type": "git",
                "url": "https://github.com/sledgehammer/mvc.git",
                "reference": "41bd4dc3d0a8281a4d68c715e15cd8117ce5e3f8"
            },
            "dist": {
                "type": "zip",
                "url": "https://api.github.com/repos/sledgehammer/mvc/zipball/41bd4dc3d0a8281a4d68c715e15cd8117ce5e3f8",
                "reference": "41bd4dc3d0a8281a4d68c715e15cd8117ce5e3f8",
                "shasum": ""
            },
            "require": {
                "sledgehammer/core": "*"
            },
            "suggest": {
                "sledgehammer/minify": "Minify assets like css, javascript and images"
            },
            "type": "library",
            "autoload": {
                "psr-4": {
                    "Sledgehammer\\Mvc\\": "src"
                },
                "files": [
                    "src/bootstrap.php"
                ]
            },
            "notification-url": "https://packagist.org/downloads/",
            "license": [
                "CC-BY-SA-3.0"
            ],
            "description": "Sledgehammer MVC module: Provides a Model View Controller architecture",
            "time": "2016-05-02 10:18:35"
        },
        {
            "name": "sledgehammer/orm",
            "version": "16.05.0",
            "source": {
                "type": "git",
                "url": "https://github.com/sledgehammer/orm.git",
                "reference": "e91bab0eb4d2488bf3963dfcad5298a267e35598"
            },
            "dist": {
                "type": "zip",
                "url": "https://api.github.com/repos/sledgehammer/orm/zipball/e91bab0eb4d2488bf3963dfcad5298a267e35598",
                "reference": "e91bab0eb4d2488bf3963dfcad5298a267e35598",
                "shasum": ""
            },
            "require": {
                "sledgehammer/core": "*"
            },
            "require-dev": {
                "sledgehammer/core": "16.x-dev"
            },
            "type": "library",
            "autoload": {
                "psr-4": {
                    "Sledgehammer\\Orm\\": "src/",
                    "SledgehammerTests\\Orm\\": "tests"
                },
                "files": [
                    "src/functions.php"
                ]
            },
            "notification-url": "https://packagist.org/downloads/",
            "license": [
                "CC-BY-SA-3.0"
            ],
            "description": "Sledgehammer ORM module: Object relational mapping",
            "time": "2016-05-02 10:00:03"
        }
    ],
    "packages-dev": [],
    "aliases": [],
    "minimum-stability": "stable",
    "stability-flags": [],
    "prefer-stable": false,
    "prefer-lowest": false,
    "platform": {
        "php": ">=5.6"
    },
    "platform-dev": []
}
